
Microsoft Visual Studio Solution File, Format Version 12.00
# Visual Studio 15
VisualStudioVersion = 15.0.28307.645
MinimumVisualStudioVersion = 10.0.40219.1
Project("{E24C65DC-7377-472B-9ABA-BC803B73C61A}") = "Belbin_CEIL865Lab5_Ex2", "Belbin_CEIL865Lab5_Ex2\", "{1DB03F06-5372-4C7E-B79E-4BDB4EE6E5FA}"
	ProjectSection(WebsiteProperties) = preProject
		TargetFrameworkMoniker = ".NETFramework,Version%3Dv4.6.1"
		Debug.AspNetCompiler.VirtualPath = "/localhost_49861"
		Debug.AspNetCompiler.PhysicalPath = "Belbin_CEIL865Lab5_Ex2\"
		Debug.AspNetCompiler.TargetPath = "PrecompiledWeb\localhost_49861\"
		Debug.AspNetCompiler.Updateable = "true"
		Debug.AspNetCompiler.ForceOverwrite = "true"
		Debug.AspNetCompiler.FixedNames = "false"
		Debug.AspNetCompiler.Debug = "True"
		Release.AspNetCompiler.VirtualPath = "/localhost_49861"
		Release.AspNetCompiler.PhysicalPath = "Belbin_CEIL865Lab5_Ex2\"
		Release.AspNetCompiler.TargetPath = "PrecompiledWeb\localhost_49861\"
		Release.AspNetCompiler.Updateable = "true"
		Release.AspNetCompiler.ForceOverwrite = "true"
		Release.AspNetCompiler.FixedNames = "false"
		Release.AspNetCompiler.Debug = "False"
		VWDPort = "49861"
		SlnRelativePath = "Belbin_CEIL865Lab5_Ex2\"
		DefaultWebSiteLanguage = "Visual C#"
	EndProjectSection
EndProject
Global
	GlobalSection(SolutionConfigurationPlatforms) = preSolution
		Debug|Any CPU = Debug|Any CPU
	EndGlobalSection
	GlobalSection(ProjectConfigurationPlatforms) = postSolution
		{1DB03F06-5372-4C7E-B79E-4BDB4EE6E5FA}.Debug|Any CPU.ActiveCfg = Debug|Any CPU
		{1DB03F06-5372-4C7E-B79E-4BDB4EE6E5FA}.Debug|Any CPU.Build.0 = Debug|Any CPU
	EndGlobalSection
	GlobalSection(SolutionProperties) = preSolution
		HideSolutionNode = FALSE
	EndGlobalSection
	GlobalSection(ExtensibilityGlobals) = postSolution
		SolutionGuid = {2330D583-884C-4859-A1CD-3278F1036A36}
	EndGlobalSection
EndGlobal
